
Microsoft Visual Studio Solution File, Format Version 12.00
# Visual Studio Version 16
VisualStudioVersion = 16.0.31911.196
MinimumVisualStudioVersion = 10.0.40219.1
Project("{FAE04EC0-301F-11D3-BF4B-00C04F79EFBC}") = "PresentationCap", "PresentationCap\PresentationCap.csproj", "{A8EA9154-2DCC-4EC4-B0A2-813BB66C1B6E}"
EndProject
Project("{FAE04EC0-301F-11D3-BF4B-00C04F79EFBC}") = "DataCap", "DataCap\DataCap.csproj", "{10DA2137-4F96-48E5-959E-2CB53FB1C45A}"
EndProject
Project("{FAE04EC0-301F-11D3-BF4B-00C04F79EFBC}") = "BussinessCap", "BussinessCap\BussinessCap.csproj", "{86C009E2-5CAB-4C32-AE59-7C977B2F9322}"
EndProject
Global
	GlobalSection(SolutionConfigurationPlatforms) = preSolution
		Debug|Any CPU = Debug|Any CPU
		Release|Any CPU = Release|Any CPU
	EndGlobalSection
	GlobalSection(ProjectConfigurationPlatforms) = postSolution
		{A8EA9154-2DCC-4EC4-B0A2-813BB66C1B6E}.Debug|Any CPU.ActiveCfg = Debug|Any CPU
		{A8EA9154-2DCC-4EC4-B0A2-813BB66C1B6E}.Debug|Any CPU.Build.0 = Debug|Any CPU
		{A8EA9154-2DCC-4EC4-B0A2-813BB66C1B6E}.Release|Any CPU.ActiveCfg = Release|Any CPU
		{A8EA9154-2DCC-4EC4-B0A2-813BB66C1B6E}.Release|Any CPU.Build.0 = Release|Any CPU
		{10DA2137-4F96-48E5-959E-2CB53FB1C45A}.Debug|Any CPU.ActiveCfg = Debug|Any CPU
		{10DA2137-4F96-48E5-959E-2CB53FB1C45A}.Debug|Any CPU.Build.0 = Debug|Any CPU
		{10DA2137-4F96-48E5-959E-2CB53FB1C45A}.Release|Any CPU.ActiveCfg = Release|Any CPU
		{10DA2137-4F96-48E5-959E-2CB53FB1C45A}.Release|Any CPU.Build.0 = Release|Any CPU
		{86C009E2-5CAB-4C32-AE59-7C977B2F9322}.Debug|Any CPU.ActiveCfg = Debug|Any CPU
		{86C009E2-5CAB-4C32-AE59-7C977B2F9322}.Debug|Any CPU.Build.0 = Debug|Any CPU
		{86C009E2-5CAB-4C32-AE59-7C977B2F9322}.Release|Any CPU.ActiveCfg = Release|Any CPU
		{86C009E2-5CAB-4C32-AE59-7C977B2F9322}.Release|Any CPU.Build.0 = Release|Any CPU
	EndGlobalSection
	GlobalSection(SolutionProperties) = preSolution
		HideSolutionNode = FALSE
	EndGlobalSection
	GlobalSection(ExtensibilityGlobals) = postSolution
		SolutionGuid = {B3B3DE90-897A-4153-98DE-1DDE53FE904D}
	EndGlobalSection
EndGlobal
